
Microsoft Visual Studio Solution File, Format Version 12.00
# Visual Studio Version 17
VisualStudioVersion = 17.0.31903.59
MinimumVisualStudioVersion = 10.0.40219.1
Project("{2150E333-8FDC-42A3-9474-1A3956D46DE8}") = "src", "src", "{827E0CD3-B72D-47B6-A68D-7590B98EB39B}"
EndProject
Project("{FAE04EC0-301F-11D3-BF4B-00C04F79EFBC}") = "HomeKTV.App", "src\HomeKTV.App\HomeKTV.App.csproj", "{DC43B8E9-0A21-4425-AD90-A366A4DFF571}"
EndProject
Project("{FAE04EC0-301F-11D3-BF4B-00C04F79EFBC}") = "HomeKTV.Core", "src\HomeKTV.Core\HomeKTV.Core.csproj", "{1F9A6AA1-C12F-486A-BFCD-AA467AB0CE88}"
EndProject
Project("{FAE04EC0-301F-11D3-BF4B-00C04F79EFBC}") = "HomeKTV.Infrastructure", "src\HomeKTV.Infrastructure\HomeKTV.Infrastructure.csproj", "{FC382EFC-5627-400A-BAB4-F0F82EDD03B5}"
EndProject
Project("{FAE04EC0-301F-11D3-BF4B-00C04F79EFBC}") = "HomeKTV.Library", "src\HomeKTV.Library\HomeKTV.Library.csproj", "{20DB5815-8117-4E4F-86E0-7F79E3728762}"
EndProject
Project("{FAE04EC0-301F-11D3-BF4B-00C04F79EFBC}") = "HomeKTV.Lyrics", "src\HomeKTV.Lyrics\HomeKTV.Lyrics.csproj", "{BA6475D1-1325-4F58-84DA-C6FA2FA9D874}"
EndProject
Project("{FAE04EC0-301F-11D3-BF4B-00C04F79EFBC}") = "HomeKTV.Player", "src\HomeKTV.Player\HomeKTV.Player.csproj", "{5724646F-00EC-4A24-910E-0AB2F98A12EC}"
EndProject
Project("{FAE04EC0-301F-11D3-BF4B-00C04F79EFBC}") = "HomeKTV.Server", "src\HomeKTV.Server\HomeKTV.Server.csproj", "{FDF1D103-69C6-48BF-89B4-EEE60E0CCF1D}"
EndProject
Project("{2150E333-8FDC-42A3-9474-1A3956D46DE8}") = "tests", "tests", "{0AB3BF05-4346-4AA6-1389-037BE0695223}"
EndProject
Project("{FAE04EC0-301F-11D3-BF4B-00C04F79EFBC}") = "HomeKTV.Core.Tests", "tests\HomeKTV.Core.Tests\HomeKTV.Core.Tests.csproj", "{6089B0D6-6612-45A3-9BFA-85A8770BA045}"
EndProject
Project("{FAE04EC0-301F-11D3-BF4B-00C04F79EFBC}") = "HomeKTV.IntegrationTests", "tests\HomeKTV.IntegrationTests\HomeKTV.IntegrationTests.csproj", "{D5D68BE4-D589-4599-AC07-6103C46C4727}"
EndProject
Project("{FAE04EC0-301F-11D3-BF4B-00C04F79EFBC}") = "HomeKTV.Library.Tests", "tests\HomeKTV.Library.Tests\HomeKTV.Library.Tests.csproj", "{76196EB6-5036-4A3E-82B6-61EDF97CA789}"
EndProject
Project("{FAE04EC0-301F-11D3-BF4B-00C04F79EFBC}") = "HomeKTV.Lyrics.Tests", "tests\HomeKTV.Lyrics.Tests\HomeKTV.Lyrics.Tests.csproj", "{505677E1-633F-453F-AFFF-1436E9214812}"
EndProject
Global
	GlobalSection(SolutionConfigurationPlatforms) = preSolution
		Debug|Any CPU = Debug|Any CPU
		Debug|x64 = Debug|x64
		Debug|x86 = Debug|x86
		Release|Any CPU = Release|Any CPU
		Release|x64 = Release|x64
		Release|x86 = Release|x86
	EndGlobalSection
	GlobalSection(ProjectConfigurationPlatforms) = postSolution
		{DC43B8E9-0A21-4425-AD90-A366A4DFF571}.Debug|Any CPU.ActiveCfg = Debug|Any CPU
		{DC43B8E9-0A21-4425-AD90-A366A4DFF571}.Debug|Any CPU.Build.0 = Debug|Any CPU
		{DC43B8E9-0A21-4425-AD90-A366A4DFF571}.Debug|x64.ActiveCfg = Debug|Any CPU
		{DC43B8E9-0A21-4425-AD90-A366A4DFF571}.Debug|x64.Build.0 = Debug|Any CPU
		{DC43B8E9-0A21-4425-AD90-A366A4DFF571}.Debug|x86.ActiveCfg = Debug|Any CPU
		{DC43B8E9-0A21-4425-AD90-A366A4DFF571}.Debug|x86.Build.0 = Debug|Any CPU
		{DC43B8E9-0A21-4425-AD90-A366A4DFF571}.Release|Any CPU.ActiveCfg = Release|Any CPU
		{DC43B8E9-0A21-4425-AD90-A366A4DFF571}.Release|Any CPU.Build.0 = Release|Any CPU
		{DC43B8E9-0A21-4425-AD90-A366A4DFF571}.Release|x64.ActiveCfg = Release|Any CPU
		{DC43B8E9-0A21-4425-AD90-A366A4DFF571}.Release|x64.Build.0 = Release|Any CPU
		{DC43B8E9-0A21-4425-AD90-A366A4DFF571}.Release|x86.ActiveCfg = Release|Any CPU
		{DC43B8E9-0A21-4425-AD90-A366A4DFF571}.Release|x86.Build.0 = Release|Any CPU
		{1F9A6AA1-C12F-486A-BFCD-AA467AB0CE88}.Debug|Any CPU.ActiveCfg = Debug|Any CPU
		{1F9A6AA1-C12F-486A-BFCD-AA467AB0CE88}.Debug|Any CPU.Build.0 = Debug|Any CPU
		{1F9A6AA1-C12F-486A-BFCD-AA467AB0CE88}.Debug|x64.ActiveCfg = Debug|Any CPU
		{1F9A6AA1-C12F-486A-BFCD-AA467AB0CE88}.Debug|x64.Build.0 = Debug|Any CPU
		{1F9A6AA1-C12F-486A-BFCD-AA467AB0CE88}.Debug|x86.ActiveCfg = Debug|Any CPU
		{1F9A6AA1-C12F-486A-BFCD-AA467AB0CE88}.Debug|x86.Build.0 = Debug|Any CPU
		{1F9A6AA1-C12F-486A-BFCD-AA467AB0CE88}.Release|Any CPU.ActiveCfg = Release|Any CPU
		{1F9A6AA1-C12F-486A-BFCD-AA467AB0CE88}.Release|Any CPU.Build.0 = Release|Any CPU
		{1F9A6AA1-C12F-486A-BFCD-AA467AB0CE88}.Release|x64.ActiveCfg = Release|Any CPU
		{1F9A6AA1-C12F-486A-BFCD-AA467AB0CE88}.Release|x64.Build.0 = Release|Any CPU
		{1F9A6AA1-C12F-486A-BFCD-AA467AB0CE88}.Release|x86.ActiveCfg = Release|Any CPU
		{1F9A6AA1-C12F-486A-BFCD-AA467AB0CE88}.Release|x86.Build.0 = Release|Any CPU
		{FC382EFC-5627-400A-BAB4-F0F82EDD03B5}.Debug|Any CPU.ActiveCfg = Debug|Any CPU
		{FC382EFC-5627-400A-BAB4-F0F82EDD03B5}.Debug|Any CPU.Build.0 = Debug|Any CPU
		{FC382EFC-5627-400A-BAB4-F0F82EDD03B5}.Debug|x64.ActiveCfg = Debug|Any CPU
		{FC382EFC-5627-400A-BAB4-F0F82EDD03B5}.Debug|x64.Build.0 = Debug|Any CPU
		{FC382EFC-5627-400A-BAB4-F0F82EDD03B5}.Debug|x86.ActiveCfg = Debug|Any CPU
		{FC382EFC-5627-400A-BAB4-F0F82EDD03B5}.Debug|x86.Build.0 = Debug|Any CPU
		{FC382EFC-5627-400A-BAB4-F0F82EDD03B5}.Release|Any CPU.ActiveCfg = Release|Any CPU
		{FC382EFC-5627-400A-BAB4-F0F82EDD03B5}.Release|Any CPU.Build.0 = Release|Any CPU
		{FC382EFC-5627-400A-BAB4-F0F82EDD03B5}.Release|x64.ActiveCfg = Release|Any CPU
		{FC382EFC-5627-400A-BAB4-F0F82EDD03B5}.Release|x64.Build.0 = Release|Any CPU
		{FC382EFC-5627-400A-BAB4-F0F82EDD03B5}.Release|x86.ActiveCfg = Release|Any CPU
		{FC382EFC-5627-400A-BAB4-F0F82EDD03B5}.Release|x86.Build.0 = Release|Any CPU
		{20DB5815-8117-4E4F-86E0-7F79E3728762}.Debug|Any CPU.ActiveCfg = Debug|Any CPU
		{20DB5815-8117-4E4F-86E0-7F79E3728762}.Debug|Any CPU.Build.0 = Debug|Any CPU
		{20DB5815-8117-4E4F-86E0-7F79E3728762}.Debug|x64.ActiveCfg = Debug|Any CPU
		{20DB5815-8117-4E4F-86E0-7F79E3728762}.Debug|x64.Build.0 = Debug|Any CPU
		{20DB5815-8117-4E4F-86E0-7F79E3728762}.Debug|x86.ActiveCfg = Debug|Any CPU
		{20DB5815-8117-4E4F-86E0-7F79E3728762}.Debug|x86.Build.0 = Debug|Any CPU
		{20DB5815-8117-4E4F-86E0-7F79E3728762}.Release|Any CPU.ActiveCfg = Release|Any CPU
		{20DB5815-8117-4E4F-86E0-7F79E3728762}.Release|Any CPU.Build.0 = Release|Any CPU
		{20DB5815-8117-4E4F-86E0-7F79E3728762}.Release|x64.ActiveCfg = Release|Any CPU
		{20DB5815-8117-4E4F-86E0-7F79E3728762}.Release|x64.Build.0 = Release|Any CPU
		{20DB5815-8117-4E4F-86E0-7F79E3728762}.Release|x86.ActiveCfg = Release|Any CPU
		{20DB5815-8117-4E4F-86E0-7F79E3728762}.Release|x86.Build.0 = Release|Any CPU
		{BA6475D1-1325-4F58-84DA-C6FA2FA9D874}.Debug|Any CPU.ActiveCfg = Debug|Any CPU
		{BA6475D1-1325-4F58-84DA-C6FA2FA9D874}.Debug|Any CPU.Build.0 = Debug|Any CPU
		{BA6475D1-1325-4F58-84DA-C6FA2FA9D874}.Debug|x64.ActiveCfg = Debug|Any CPU
		{BA6475D1-1325-4F58-84DA-C6FA2FA9D874}.Debug|x64.Build.0 = Debug|Any CPU
		{BA6475D1-1325-4F58-84DA-C6FA2FA9D874}.Debug|x86.ActiveCfg = Debug|Any CPU
		{BA6475D1-1325-4F58-84DA-C6FA2FA9D874}.Debug|x86.Build.0 = Debug|Any CPU
		{BA6475D1-1325-4F58-84DA-C6FA2FA9D874}.Release|Any CPU.ActiveCfg = Release|Any CPU
		{BA6475D1-1325-4F58-84DA-C6FA2FA9D874}.Release|Any CPU.Build.0 = Release|Any CPU
		{BA6475D1-1325-4F58-84DA-C6FA2FA9D874}.Release|x64.ActiveCfg = Release|Any CPU
		{BA6475D1-1325-4F58-84DA-C6FA2FA9D874}.Release|x64.Build.0 = Release|Any CPU
		{BA6475D1-1325-4F58-84DA-C6FA2FA9D874}.Release|x86.ActiveCfg = Release|Any CPU
		{BA6475D1-1325-4F58-84DA-C6FA2FA9D874}.Release|x86.Build.0 = Release|Any CPU
		{5724646F-00EC-4A24-910E-0AB2F98A12EC}.Debug|Any CPU.ActiveCfg = Debug|Any CPU
		{5724646F-00EC-4A24-910E-0AB2F98A12EC}.Debug|Any CPU.Build.0 = Debug|Any CPU
		{5724646F-00EC-4A24-910E-0AB2F98A12EC}.Debug|x64.ActiveCfg = Debug|Any CPU
		{5724646F-00EC-4A24-910E-0AB2F98A12EC}.Debug|x64.Build.0 = Debug|Any CPU
		{5724646F-00EC-4A24-910E-0AB2F98A12EC}.Debug|x86.ActiveCfg = Debug|Any CPU
		{5724646F-00EC-4A24-910E-0AB2F98A12EC}.Debug|x86.Build.0 = Debug|Any CPU
		{5724646F-00EC-4A24-910E-0AB2F98A12EC}.Release|Any CPU.ActiveCfg = Release|Any CPU
		{5724646F-00EC-4A24-910E-0AB2F98A12EC}.Release|Any CPU.Build.0 = Release|Any CPU
		{5724646F-00EC-4A24-910E-0AB2F98A12EC}.Release|x64.ActiveCfg = Release|Any CPU
		{5724646F-00EC-4A24-910E-0AB2F98A12EC}.Release|x64.Build.0 = Release|Any CPU
		{5724646F-00EC-4A24-910E-0AB2F98A12EC}.Release|x86.ActiveCfg = Release|Any CPU
		{5724646F-00EC-4A24-910E-0AB2F98A12EC}.Release|x86.Build.0 = Release|Any CPU
		{FDF1D103-69C6-48BF-89B4-EEE60E0CCF1D}.Debug|Any CPU.ActiveCfg = Debug|Any CPU
		{FDF1D103-69C6-48BF-89B4-EEE60E0CCF1D}.Debug|Any CPU.Build.0 = Debug|Any CPU
		{FDF1D103-69C6-48BF-89B4-EEE60E0CCF1D}.Debug|x64.ActiveCfg = Debug|Any CPU
		{FDF1D103-69C6-48BF-89B4-EEE60E0CCF1D}.Debug|x64.Build.0 = Debug|Any CPU
		{FDF1D103-69C6-48BF-89B4-EEE60E0CCF1D}.Debug|x86.ActiveCfg = Debug|Any CPU
		{FDF1D103-69C6-48BF-89B4-EEE60E0CCF1D}.Debug|x86.Build.0 = Debug|Any CPU
		{FDF1D103-69C6-48BF-89B4-EEE60E0CCF1D}.Release|Any CPU.ActiveCfg = Release|Any CPU
		{FDF1D103-69C6-48BF-89B4-EEE60E0CCF1D}.Release|Any CPU.Build.0 = Release|Any CPU
		{FDF1D103-69C6-48BF-89B4-EEE60E0CCF1D}.Release|x64.ActiveCfg = Release|Any CPU
		{FDF1D103-69C6-48BF-89B4-EEE60E0CCF1D}.Release|x64.Build.0 = Release|Any CPU
		{FDF1D103-69C6-48BF-89B4-EEE60E0CCF1D}.Release|x86.ActiveCfg = Release|Any CPU
		{FDF1D103-69C6-48BF-89B4-EEE60E0CCF1D}.Release|x86.Build.0 = Release|Any CPU
		{6089B0D6-6612-45A3-9BFA-85A8770BA045}.Debug|Any CPU.ActiveCfg = Debug|Any CPU
		{6089B0D6-6612-45A3-9BFA-85A8770BA045}.Debug|Any CPU.Build.0 = Debug|Any CPU
		{6089B0D6-6612-45A3-9BFA-85A8770BA045}.Debug|x64.ActiveCfg = Debug|Any CPU
		{6089B0D6-6612-45A3-9BFA-85A8770BA045}.Debug|x64.Build.0 = Debug|Any CPU
		{6089B0D6-6612-45A3-9BFA-85A8770BA045}.Debug|x86.ActiveCfg = Debug|Any CPU
		{6089B0D6-6612-45A3-9BFA-85A8770BA045}.Debug|x86.Build.0 = Debug|Any CPU
		{6089B0D6-6612-45A3-9BFA-85A8770BA045}.Release|Any CPU.ActiveCfg = Release|Any CPU
		{6089B0D6-6612-45A3-9BFA-85A8770BA045}.Release|Any CPU.Build.0 = Release|Any CPU
		{6089B0D6-6612-45A3-9BFA-85A8770BA045}.Release|x64.ActiveCfg = Release|Any CPU
		{6089B0D6-6612-45A3-9BFA-85A8770BA045}.Release|x64.Build.0 = Release|Any CPU
		{6089B0D6-6612-45A3-9BFA-85A8770BA045}.Release|x86.ActiveCfg = Release|Any CPU
		{6089B0D6-6612-45A3-9BFA-85A8770BA045}.Release|x86.Build.0 = Release|Any CPU
		{D5D68BE4-D589-4599-AC07-6103C46C4727}.Debug|Any CPU.ActiveCfg = Debug|Any CPU
		{D5D68BE4-D589-4599-AC07-6103C46C4727}.Debug|Any CPU.Build.0 = Debug|Any CPU
		{D5D68BE4-D589-4599-AC07-6103C46C4727}.Debug|x64.ActiveCfg = Debug|Any CPU
		{D5D68BE4-D589-4599-AC07-6103C46C4727}.Debug|x64.Build.0 = Debug|Any CPU
		{D5D68BE4-D589-4599-AC07-6103C46C4727}.Debug|x86.ActiveCfg = Debug|Any CPU
		{D5D68BE4-D589-4599-AC07-6103C46C4727}.Debug|x86.Build.0 = Debug|Any CPU
		{D5D68BE4-D589-4599-AC07-6103C46C4727}.Release|Any CPU.ActiveCfg = Release|Any CPU
		{D5D68BE4-D589-4599-AC07-6103C46C4727}.Release|Any CPU.Build.0 = Release|Any CPU
		{D5D68BE4-D589-4599-AC07-6103C46C4727}.Release|x64.ActiveCfg = Release|Any CPU
		{D5D68BE4-D589-4599-AC07-6103C46C4727}.Release|x64.Build.0 = Release|Any CPU
		{D5D68BE4-D589-4599-AC07-6103C46C4727}.Release|x86.ActiveCfg = Release|Any CPU
		{D5D68BE4-D589-4599-AC07-6103C46C4727}.Release|x86.Build.0 = Release|Any CPU
		{76196EB6-5036-4A3E-82B6-61EDF97CA789}.Debug|Any CPU.ActiveCfg = Debug|Any CPU
		{76196EB6-5036-4A3E-82B6-61EDF97CA789}.Debug|Any CPU.Build.0 = Debug|Any CPU
		{76196EB6-5036-4A3E-82B6-61EDF97CA789}.Debug|x64.ActiveCfg = Debug|Any CPU
		{76196EB6-5036-4A3E-82B6-61EDF97CA789}.Debug|x64.Build.0 = Debug|Any CPU
		{76196EB6-5036-4A3E-82B6-61EDF97CA789}.Debug|x86.ActiveCfg = Debug|Any CPU
		{76196EB6-5036-4A3E-82B6-61EDF97CA789}.Debug|x86.Build.0 = Debug|Any CPU
		{76196EB6-5036-4A3E-82B6-61EDF97CA789}.Release|Any CPU.ActiveCfg = Release|Any CPU
		{76196EB6-5036-4A3E-82B6-61EDF97CA789}.Release|Any CPU.Build.0 = Release|Any CPU
		{76196EB6-5036-4A3E-82B6-61EDF97CA789}.Release|x64.ActiveCfg = Release|Any CPU
		{76196EB6-5036-4A3E-82B6-61EDF97CA789}.Release|x64.Build.0 = Release|Any CPU
		{76196EB6-5036-4A3E-82B6-61EDF97CA789}.Release|x86.ActiveCfg = Release|Any CPU
		{76196EB6-5036-4A3E-82B6-61EDF97CA789}.Release|x86.Build.0 = Release|Any CPU
		{505677E1-633F-453F-AFFF-1436E9214812}.Debug|Any CPU.ActiveCfg = Debug|Any CPU
		{505677E1-633F-453F-AFFF-1436E9214812}.Debug|Any CPU.Build.0 = Debug|Any CPU
		{505677E1-633F-453F-AFFF-1436E9214812}.Debug|x64.ActiveCfg = Debug|Any CPU
		{505677E1-633F-453F-AFFF-1436E9214812}.Debug|x64.Build.0 = Debug|Any CPU
		{505677E1-633F-453F-AFFF-1436E9214812}.Debug|x86.ActiveCfg = Debug|Any CPU
		{505677E1-633F-453F-AFFF-1436E9214812}.Debug|x86.Build.0 = Debug|Any CPU
		{505677E1-633F-453F-AFFF-1436E9214812}.Release|Any CPU.ActiveCfg = Release|Any CPU
		{505677E1-633F-453F-AFFF-1436E9214812}.Release|Any CPU.Build.0 = Release|Any CPU
		{505677E1-633F-453F-AFFF-1436E9214812}.Release|x64.ActiveCfg = Release|Any CPU
		{505677E1-633F-453F-AFFF-1436E9214812}.Release|x64.Build.0 = Release|Any CPU
		{505677E1-633F-453F-AFFF-1436E9214812}.Release|x86.ActiveCfg = Release|Any CPU
		{505677E1-633F-453F-AFFF-1436E9214812}.Release|x86.Build.0 = Release|Any CPU
	EndGlobalSection
	GlobalSection(SolutionProperties) = preSolution
		HideSolutionNode = FALSE
	EndGlobalSection
	GlobalSection(NestedProjects) = preSolution
		{DC43B8E9-0A21-4425-AD90-A366A4DFF571} = {827E0CD3-B72D-47B6-A68D-7590B98EB39B}
		{1F9A6AA1-C12F-486A-BFCD-AA467AB0CE88} = {827E0CD3-B72D-47B6-A68D-7590B98EB39B}
		{FC382EFC-5627-400A-BAB4-F0F82EDD03B5} = {827E0CD3-B72D-47B6-A68D-7590B98EB39B}
		{20DB5815-8117-4E4F-86E0-7F79E3728762} = {827E0CD3-B72D-47B6-A68D-7590B98EB39B}
		{BA6475D1-1325-4F58-84DA-C6FA2FA9D874} = {827E0CD3-B72D-47B6-A68D-7590B98EB39B}
		{5724646F-00EC-4A24-910E-0AB2F98A12EC} = {827E0CD3-B72D-47B6-A68D-7590B98EB39B}
		{FDF1D103-69C6-48BF-89B4-EEE60E0CCF1D} = {827E0CD3-B72D-47B6-A68D-7590B98EB39B}
		{6089B0D6-6612-45A3-9BFA-85A8770BA045} = {0AB3BF05-4346-4AA6-1389-037BE0695223}
		{D5D68BE4-D589-4599-AC07-6103C46C4727} = {0AB3BF05-4346-4AA6-1389-037BE0695223}
		{76196EB6-5036-4A3E-82B6-61EDF97CA789} = {0AB3BF05-4346-4AA6-1389-037BE0695223}
		{505677E1-633F-453F-AFFF-1436E9214812} = {0AB3BF05-4346-4AA6-1389-037BE0695223}
	EndGlobalSection
EndGlobal
